<?xml version="1.0" encoding="UTF-8"?>
<Project ToolsVersion="14.0" xmlns="http://schemas.microsoft.com/developer/msbuild/2003">
  <ItemGroup>
    <ClCompile Include="F:\work\github\cmake_study\MathFunctions\mysqrt.cxx">
      <Filter>Source Files</Filter>
    </ClCompile>
  </ItemGroup>
  <ItemGroup>
    <CustomBuild Include="F:\work\github\cmake_study\MathFunctions\CMakeLists.txt" />
  </ItemGroup>
  <ItemGroup>
    <Filter Include="Source Files">
      <UniqueIdentifier>{167B301C-9B80-33D6-A627-C3F1CE8EE08E}</UniqueIdentifier>
    </Filter>
  </ItemGroup>
</Project>
